// !$*UTF8*$!
{
	archiveVersion = 1;
	classes = {
	};
	objectVersion = 56;
	objects = {

/* Begin PBXBuildFile section */
		4205B3F42A17D69D008A5C58 /* FirebaseAnalytics in Frameworks */ = {isa = PBXBuildFile; productRef = 4205B3F32A17D69D008A5C58 /* FirebaseAnalytics */; };
		4205B3F62A17D69D008A5C58 /* FirebaseAnalyticsWithoutAdIdSupport in Frameworks */ = {isa = PBXBuildFile; productRef = 4205B3F52A17D69D008A5C58 /* FirebaseAnalyticsWithoutAdIdSupport */; };
		4205B3F82A17D69D008A5C58 /* FirebaseAuth in Frameworks */ = {isa = PBXBuildFile; productRef = 4205B3F72A17D69D008A5C58 /* FirebaseAuth */; };
		4205B3FA2A17D69D008A5C58 /* FirebaseAuthCombine-Community in Frameworks */ = {isa = PBXBuildFile; productRef = 4205B3F92A17D69D008A5C58 /* FirebaseAuthCombine-Community */; };
		4205B3FC2A17D69D008A5C58 /* FirebaseDatabase in Frameworks */ = {isa = PBXBuildFile; productRef = 4205B3FB2A17D69D008A5C58 /* FirebaseDatabase */; };
		4205B3FE2A17D69D008A5C58 /* FirebaseDatabaseSwift in Frameworks */ = {isa = PBXBuildFile; productRef = 4205B3FD2A17D69D008A5C58 /* FirebaseDatabaseSwift */; };
		4205B4002A17D69D008A5C58 /* FirebaseFirestore in Frameworks */ = {isa = PBXBuildFile; productRef = 4205B3FF2A17D69D008A5C58 /* FirebaseFirestore */; };
		4205B4022A17D69D008A5C58 /* FirebaseFirestoreCombine-Community in Frameworks */ = {isa = PBXBuildFile; productRef = 4205B4012A17D69D008A5C58 /* FirebaseFirestoreCombine-Community */; };
		4205B4042A17D69D008A5C58 /* FirebaseFirestoreSwift in Frameworks */ = {isa = PBXBuildFile; productRef = 4205B4032A17D69D008A5C58 /* FirebaseFirestoreSwift */; };
		4205B4062A17D69D008A5C58 /* FirebaseStorage in Frameworks */ = {isa = PBXBuildFile; productRef = 4205B4052A17D69D008A5C58 /* FirebaseStorage */; };
		4205B4082A17D69D008A5C58 /* FirebaseStorageCombine-Community in Frameworks */ = {isa = PBXBuildFile; productRef = 4205B4072A17D69D008A5C58 /* FirebaseStorageCombine-Community */; };
		424C8F872A13B94F00E7FF66 /* HomeTableViewCell.swift in Sources */ = {isa = PBXBuildFile; fileRef = 424C8F862A13B94F00E7FF66 /* HomeTableViewCell.swift */; };
		424C8F8A2A13E76100E7FF66 /* GenderViewController.swift in Sources */ = {isa = PBXBuildFile; fileRef = 424C8F892A13E76100E7FF66 /* GenderViewController.swift */; };
		424C8F8C2A148AF300E7FF66 /* AgeViewController.swift in Sources */ = {isa = PBXBuildFile; fileRef = 424C8F8B2A148AF300E7FF66 /* AgeViewController.swift */; };
		424C8F8E2A1496C600E7FF66 /* HeightViewController.swift in Sources */ = {isa = PBXBuildFile; fileRef = 424C8F8D2A1496C600E7FF66 /* HeightViewController.swift */; };
		424C8F902A1498FE00E7FF66 /* WeightViewController.swift in Sources */ = {isa = PBXBuildFile; fileRef = 424C8F8F2A1498FE00E7FF66 /* WeightViewController.swift */; };
		424C8F922A14D03000E7FF66 /* ExperienceViewController.swift in Sources */ = {isa = PBXBuildFile; fileRef = 424C8F912A14D03000E7FF66 /* ExperienceViewController.swift */; };
		424C8F942A14D28F00E7FF66 /* GoalViewController.swift in Sources */ = {isa = PBXBuildFile; fileRef = 424C8F932A14D28F00E7FF66 /* GoalViewController.swift */; };
		424C8F962A15F1EA00E7FF66 /* BMIViewController.swift in Sources */ = {isa = PBXBuildFile; fileRef = 424C8F952A15F1EA00E7FF66 /* BMIViewController.swift */; };
		424C8F982A16764300E7FF66 /* SingleExerciseViewController.swift in Sources */ = {isa = PBXBuildFile; fileRef = 424C8F972A16764300E7FF66 /* SingleExerciseViewController.swift */; };
		424C8FA02A17B4C600E7FF66 /* ChartView.swift in Sources */ = {isa = PBXBuildFile; fileRef = 424C8F9F2A17B4C600E7FF66 /* ChartView.swift */; };
		424C8FA22A17D2FD00E7FF66 /* GoogleService-Info.plist in Resources */ = {isa = PBXBuildFile; fileRef = 424C8FA12A17D2FD00E7FF66 /* GoogleService-Info.plist */; };
		4270805729E8926D00EC9583 /* ScheduleViewController.swift in Sources */ = {isa = PBXBuildFile; fileRef = 4270805629E8926D00EC9583 /* ScheduleViewController.swift */; };
		4270805929E9A49D00EC9583 /* HomeViewController.swift in Sources */ = {isa = PBXBuildFile; fileRef = 4270805829E9A49D00EC9583 /* HomeViewController.swift */; };
		4270805B29E9A4C200EC9583 /* ProgressViewController.swift in Sources */ = {isa = PBXBuildFile; fileRef = 4270805A29E9A4C200EC9583 /* ProgressViewController.swift */; };
		4270805D29E9A4DD00EC9583 /* ProfileViewController.swift in Sources */ = {isa = PBXBuildFile; fileRef = 4270805C29E9A4DD00EC9583 /* ProfileViewController.swift */; };
		42940CD329C8AB29006384E6 /* AppDelegate.swift in Sources */ = {isa = PBXBuildFile; fileRef = 42940CD229C8AB29006384E6 /* AppDelegate.swift */; };
		42940CD529C8AB29006384E6 /* SceneDelegate.swift in Sources */ = {isa = PBXBuildFile; fileRef = 42940CD429C8AB29006384E6 /* SceneDelegate.swift */; };
		42940CD729C8AB29006384E6 /* ViewController.swift in Sources */ = {isa = PBXBuildFile; fileRef = 42940CD629C8AB29006384E6 /* ViewController.swift */; };
		42940CDA29C8AB29006384E6 /* Main.storyboard in Resources */ = {isa = PBXBuildFile; fileRef = 42940CD829C8AB29006384E6 /* Main.storyboard */; };
		42940CDC29C8AB2A006384E6 /* Assets.xcassets in Resources */ = {isa = PBXBuildFile; fileRef = 42940CDB29C8AB2A006384E6 /* Assets.xcassets */; };
		42940CDF29C8AB2A006384E6 /* LaunchScreen.storyboard in Resources */ = {isa = PBXBuildFile; fileRef = 42940CDD29C8AB2A006384E6 /* LaunchScreen.storyboard */; };
		42940CE729CBF51C006384E6 /* SecondViewController.swift in Sources */ = {isa = PBXBuildFile; fileRef = 42940CE629CBF51C006384E6 /* SecondViewController.swift */; };
		42940CEE29CF4DE0006384E6 /* RegisterViewController.swift in Sources */ = {isa = PBXBuildFile; fileRef = 42940CED29CF4DE0006384E6 /* RegisterViewController.swift */; };
		42940CF229CF558F006384E6 /* Poppins-Regular.ttf in Resources */ = {isa = PBXBuildFile; fileRef = 42940CF129CF558F006384E6 /* Poppins-Regular.ttf */; };
		42940CF429CF55B0006384E6 /* Poppins-SemiBold.ttf in Resources */ = {isa = PBXBuildFile; fileRef = 42940CF329CF55B0006384E6 /* Poppins-SemiBold.ttf */; };
		42940CF629CF55C1006384E6 /* Poppins-Bold.ttf in Resources */ = {isa = PBXBuildFile; fileRef = 42940CF529CF55C1006384E6 /* Poppins-Bold.ttf */; };
		42940CF829CF59F3006384E6 /* Poppins-Light.ttf in Resources */ = {isa = PBXBuildFile; fileRef = 42940CF729CF59F3006384E6 /* Poppins-Light.ttf */; };
		42940CFA29D0348A006384E6 /* LoginViewController.swift in Sources */ = {isa = PBXBuildFile; fileRef = 42940CF929D0348A006384E6 /* LoginViewController.swift */; };
		42940CFC29D03B7B006384E6 /* Poppins-Medium.ttf in Resources */ = {isa = PBXBuildFile; fileRef = 42940CFB29D03B7B006384E6 /* Poppins-Medium.ttf */; };
		42A60C3B2A18CE1600FB18DB /* TabBarViewController.swift in Sources */ = {isa = PBXBuildFile; fileRef = 42A60C3A2A18CE1600FB18DB /* TabBarViewController.swift */; };
		42A60C3F2A19224200FB18DB /* ScheduleTableViewCell.swift in Sources */ = {isa = PBXBuildFile; fileRef = 42A60C3E2A19224200FB18DB /* ScheduleTableViewCell.swift */; };
		42A60C412A1928C400FB18DB /* DayScheduleViewController.swift in Sources */ = {isa = PBXBuildFile; fileRef = 42A60C402A1928C400FB18DB /* DayScheduleViewController.swift */; };
		42A60C432A1A673700FB18DB /* EditProfileViewController.swift in Sources */ = {isa = PBXBuildFile; fileRef = 42A60C422A1A673700FB18DB /* EditProfileViewController.swift */; };
/* End PBXBuildFile section */

/* Begin PBXFileReference section */
		424C8F862A13B94F00E7FF66 /* HomeTableViewCell.swift */ = {isa = PBXFileReference; lastKnownFileType = sourcecode.swift; path = HomeTableViewCell.swift; sourceTree = "<group>"; };
		424C8F892A13E76100E7FF66 /* GenderViewController.swift */ = {isa = PBXFileReference; lastKnownFileType = sourcecode.swift; path = GenderViewController.swift; sourceTree = "<group>"; };
		424C8F8B2A148AF300E7FF66 /* AgeViewController.swift */ = {isa = PBXFileReference; lastKnownFileType = sourcecode.swift; path = AgeViewController.swift; sourceTree = "<group>"; };
		424C8F8D2A1496C600E7FF66 /* HeightViewController.swift */ = {isa = PBXFileReference; lastKnownFileType = sourcecode.swift; path = HeightViewController.swift; sourceTree = "<group>"; };
		424C8F8F2A1498FE00E7FF66 /* WeightViewController.swift */ = {isa = PBXFileReference; lastKnownFileType = sourcecode.swift; path = WeightViewController.swift; sourceTree = "<group>"; };
		424C8F912A14D03000E7FF66 /* ExperienceViewController.swift */ = {isa = PBXFileReference; lastKnownFileType = sourcecode.swift; path = ExperienceViewController.swift; sourceTree = "<group>"; };
		424C8F932A14D28F00E7FF66 /* GoalViewController.swift */ = {isa = PBXFileReference; lastKnownFileType = sourcecode.swift; path = GoalViewController.swift; sourceTree = "<group>"; };
		424C8F952A15F1EA00E7FF66 /* BMIViewController.swift */ = {isa = PBXFileReference; lastKnownFileType = sourcecode.swift; path = BMIViewController.swift; sourceTree = "<group>"; };
		424C8F972A16764300E7FF66 /* SingleExerciseViewController.swift */ = {isa = PBXFileReference; lastKnownFileType = sourcecode.swift; path = SingleExerciseViewController.swift; sourceTree = "<group>"; };
		424C8F9F2A17B4C600E7FF66 /* ChartView.swift */ = {isa = PBXFileReference; lastKnownFileType = sourcecode.swift; path = ChartView.swift; sourceTree = "<group>"; };
		424C8FA12A17D2FD00E7FF66 /* GoogleService-Info.plist */ = {isa = PBXFileReference; fileEncoding = 4; lastKnownFileType = text.plist.xml; path = "GoogleService-Info.plist"; sourceTree = "<group>"; };
		4270805629E8926D00EC9583 /* ScheduleViewController.swift */ = {isa = PBXFileReference; lastKnownFileType = sourcecode.swift; path = ScheduleViewController.swift; sourceTree = "<group>"; };
		4270805829E9A49D00EC9583 /* HomeViewController.swift */ = {isa = PBXFileReference; lastKnownFileType = sourcecode.swift; path = HomeViewController.swift; sourceTree = "<group>"; };
		4270805A29E9A4C200EC9583 /* ProgressViewController.swift */ = {isa = PBXFileReference; lastKnownFileType = sourcecode.swift; path = ProgressViewController.swift; sourceTree = "<group>"; };
		4270805C29E9A4DD00EC9583 /* ProfileViewController.swift */ = {isa = PBXFileReference; lastKnownFileType = sourcecode.swift; path = ProfileViewController.swift; sourceTree = "<group>"; };
		42940CCF29C8AB29006384E6 /* JailFitness.app */ = {isa = PBXFileReference; explicitFileType = wrapper.application; includeInIndex = 0; path = JailFitness.app; sourceTree = BUILT_PRODUCTS_DIR; };
		42940CD229C8AB29006384E6 /* AppDelegate.swift */ = {isa = PBXFileReference; lastKnownFileType = sourcecode.swift; path = AppDelegate.swift; sourceTree = "<group>"; };
		42940CD429C8AB29006384E6 /* SceneDelegate.swift */ = {isa = PBXFileReference; lastKnownFileType = sourcecode.swift; path = SceneDelegate.swift; sourceTree = "<group>"; };
		42940CD629C8AB29006384E6 /* ViewController.swift */ = {isa = PBXFileReference; lastKnownFileType = sourcecode.swift; path = ViewController.swift; sourceTree = "<group>"; };
		42940CD929C8AB29006384E6 /* Base */ = {isa = PBXFileReference; lastKnownFileType = file.storyboard; name = Base; path = Base.lproj/Main.storyboard; sourceTree = "<group>"; };
		42940CDB29C8AB2A006384E6 /* Assets.xcassets */ = {isa = PBXFileReference; lastKnownFileType = folder.assetcatalog; path = Assets.xcassets; sourceTree = "<group>"; };
		42940CDE29C8AB2A006384E6 /* Base */ = {isa = PBXFileReference; lastKnownFileType = file.storyboard; name = Base; path = Base.lproj/LaunchScreen.storyboard; sourceTree = "<group>"; };
		42940CE029C8AB2A006384E6 /* Info.plist */ = {isa = PBXFileReference; lastKnownFileType = text.plist.xml; path = Info.plist; sourceTree = "<group>"; };
		42940CE629CBF51C006384E6 /* SecondViewController.swift */ = {isa = PBXFileReference; lastKnownFileType = sourcecode.swift; path = SecondViewController.swift; sourceTree = "<group>"; };
		42940CED29CF4DE0006384E6 /* RegisterViewController.swift */ = {isa = PBXFileReference; lastKnownFileType = sourcecode.swift; path = RegisterViewController.swift; sourceTree = "<group>"; };
		42940CF129CF558F006384E6 /* Poppins-Regular.ttf */ = {isa = PBXFileReference; lastKnownFileType = file; name = "Poppins-Regular.ttf"; path = "../../../../../Downloads/Poppins/Poppins-Regular.ttf"; sourceTree = "<group>"; };
		42940CF329CF55B0006384E6 /* Poppins-SemiBold.ttf */ = {isa = PBXFileReference; lastKnownFileType = file; name = "Poppins-SemiBold.ttf"; path = "../../../../../Downloads/Poppins/Poppins-SemiBold.ttf"; sourceTree = "<group>"; };
		42940CF529CF55C1006384E6 /* Poppins-Bold.ttf */ = {isa = PBXFileReference; lastKnownFileType = file; name = "Poppins-Bold.ttf"; path = "../../../../../Downloads/Poppins/Poppins-Bold.ttf"; sourceTree = "<group>"; };
		42940CF729CF59F3006384E6 /* Poppins-Light.ttf */ = {isa = PBXFileReference; lastKnownFileType = file; name = "Poppins-Light.ttf"; path = "../../../../../Downloads/Poppins/Poppins-Light.ttf"; sourceTree = "<group>"; };
		42940CF929D0348A006384E6 /* LoginViewController.swift */ = {isa = PBXFileReference; lastKnownFileType = sourcecode.swift; path = LoginViewController.swift; sourceTree = "<group>"; };
		42940CFB29D03B7B006384E6 /* Poppins-Medium.ttf */ = {isa = PBXFileReference; lastKnownFileType = file; name = "Poppins-Medium.ttf"; path = "../../../../../Downloads/Poppins/Poppins-Medium.ttf"; sourceTree = "<group>"; };
		42A60C3A2A18CE1600FB18DB /* TabBarViewController.swift */ = {isa = PBXFileReference; lastKnownFileType = sourcecode.swift; path = TabBarViewController.swift; sourceTree = "<group>"; };
		42A60C3E2A19224200FB18DB /* ScheduleTableViewCell.swift */ = {isa = PBXFileReference; lastKnownFileType = sourcecode.swift; path = ScheduleTableViewCell.swift; sourceTree = "<group>"; };
		42A60C402A1928C400FB18DB /* DayScheduleViewController.swift */ = {isa = PBXFileReference; lastKnownFileType = sourcecode.swift; path = DayScheduleViewController.swift; sourceTree = "<group>"; };
		42A60C422A1A673700FB18DB /* EditProfileViewController.swift */ = {isa = PBXFileReference; lastKnownFileType = sourcecode.swift; path = EditProfileViewController.swift; sourceTree = "<group>"; };
/* End PBXFileReference section */

/* Begin PBXFrameworksBuildPhase section */
		42940CCC29C8AB29006384E6 /* Frameworks */ = {
			isa = PBXFrameworksBuildPhase;
			buildActionMask = 2147483647;
			files = (
				4205B4082A17D69D008A5C58 /* FirebaseStorageCombine-Community in Frameworks */,
				4205B3FE2A17D69D008A5C58 /* FirebaseDatabaseSwift in Frameworks */,
				4205B4022A17D69D008A5C58 /* FirebaseFirestoreCombine-Community in Frameworks */,
				4205B3FC2A17D69D008A5C58 /* FirebaseDatabase in Frameworks */,
				4205B4062A17D69D008A5C58 /* FirebaseStorage in Frameworks */,
				4205B3F42A17D69D008A5C58 /* FirebaseAnalytics in Frameworks */,
				4205B3F82A17D69D008A5C58 /* FirebaseAuth in Frameworks */,
				4205B3F62A17D69D008A5C58 /* FirebaseAnalyticsWithoutAdIdSupport in Frameworks */,
				4205B3FA2A17D69D008A5C58 /* FirebaseAuthCombine-Community in Frameworks */,
				4205B4002A17D69D008A5C58 /* FirebaseFirestore in Frameworks */,
				4205B4042A17D69D008A5C58 /* FirebaseFirestoreSwift in Frameworks */,
			);
			runOnlyForDeploymentPostprocessing = 0;
		};
/* End PBXFrameworksBuildPhase section */

/* Begin PBXGroup section */
		424C8F882A13E11200E7FF66 /* Starter Views */ = {
			isa = PBXGroup;
			children = (
				42940CE629CBF51C006384E6 /* SecondViewController.swift */,
				42940CD629C8AB29006384E6 /* ViewController.swift */,
				42940CF929D0348A006384E6 /* LoginViewController.swift */,
				42940CED29CF4DE0006384E6 /* RegisterViewController.swift */,
				424C8F892A13E76100E7FF66 /* GenderViewController.swift */,
				424C8F8B2A148AF300E7FF66 /* AgeViewController.swift */,
				424C8F8D2A1496C600E7FF66 /* HeightViewController.swift */,
				424C8F8F2A1498FE00E7FF66 /* WeightViewController.swift */,
				424C8F912A14D03000E7FF66 /* ExperienceViewController.swift */,
				424C8F932A14D28F00E7FF66 /* GoalViewController.swift */,
				424C8F952A15F1EA00E7FF66 /* BMIViewController.swift */,
			);
			path = "Starter Views";
			sourceTree = "<group>";
		};
		42940CC629C8AB29006384E6 = {
			isa = PBXGroup;
			children = (
				42940CD129C8AB29006384E6 /* JailFitness */,
				42940CD029C8AB29006384E6 /* Products */,
			);
			sourceTree = "<group>";
		};
		42940CD029C8AB29006384E6 /* Products */ = {
			isa = PBXGroup;
			children = (
				42940CCF29C8AB29006384E6 /* JailFitness.app */,
			);
			name = Products;
			sourceTree = "<group>";
		};
		42940CD129C8AB29006384E6 /* JailFitness */ = {
			isa = PBXGroup;
			children = (
				424C8F882A13E11200E7FF66 /* Starter Views */,
				42940CFD29D34E8A006384E6 /* Views */,
				42940CFE29D34EB8006384E6 /* Supporting */,
				42940CEF29CF54FF006384E6 /* Fonts */,
				42940CE029C8AB2A006384E6 /* Info.plist */,
				424C8FA12A17D2FD00E7FF66 /* GoogleService-Info.plist */,
			);
			path = JailFitness;
			sourceTree = "<group>";
		};
		42940CEF29CF54FF006384E6 /* Fonts */ = {
			isa = PBXGroup;
			children = (
				42940CFB29D03B7B006384E6 /* Poppins-Medium.ttf */,
				42940CF729CF59F3006384E6 /* Poppins-Light.ttf */,
				42940CF529CF55C1006384E6 /* Poppins-Bold.ttf */,
				42940CF329CF55B0006384E6 /* Poppins-SemiBold.ttf */,
				42940CF129CF558F006384E6 /* Poppins-Regular.ttf */,
			);
			path = Fonts;
			sourceTree = "<group>";
		};
		42940CFD29D34E8A006384E6 /* Views */ = {
			isa = PBXGroup;
			children = (
				4270805629E8926D00EC9583 /* ScheduleViewController.swift */,
				4270805829E9A49D00EC9583 /* HomeViewController.swift */,
				4270805A29E9A4C200EC9583 /* ProgressViewController.swift */,
				4270805C29E9A4DD00EC9583 /* ProfileViewController.swift */,
				424C8F862A13B94F00E7FF66 /* HomeTableViewCell.swift */,
				424C8F972A16764300E7FF66 /* SingleExerciseViewController.swift */,
				424C8F9F2A17B4C600E7FF66 /* ChartView.swift */,
				42A60C3A2A18CE1600FB18DB /* TabBarViewController.swift */,
				42A60C3E2A19224200FB18DB /* ScheduleTableViewCell.swift */,
				42A60C402A1928C400FB18DB /* DayScheduleViewController.swift */,
				42A60C422A1A673700FB18DB /* EditProfileViewController.swift */,
			);
			path = Views;
			sourceTree = "<group>";
		};
		42940CFE29D34EB8006384E6 /* Supporting */ = {
			isa = PBXGroup;
			children = (
				42940CD229C8AB29006384E6 /* AppDelegate.swift */,
				42940CD429C8AB29006384E6 /* SceneDelegate.swift */,
				42940CDB29C8AB2A006384E6 /* Assets.xcassets */,
				42940CD829C8AB29006384E6 /* Main.storyboard */,
				42940CDD29C8AB2A006384E6 /* LaunchScreen.storyboard */,
			);
			path = Supporting;
			sourceTree = "<group>";
		};
/* End PBXGroup section */

/* Begin PBXNativeTarget section */
		42940CCE29C8AB29006384E6 /* JailFitness */ = {
			isa = PBXNativeTarget;
			buildConfigurationList = 42940CE329C8AB2A006384E6 /* Build configuration list for PBXNativeTarget "JailFitness" */;
			buildPhases = (
				42940CCB29C8AB29006384E6 /* Sources */,
				42940CCC29C8AB29006384E6 /* Frameworks */,
				42940CCD29C8AB29006384E6 /* Resources */,
			);
			buildRules = (
			);
			dependencies = (
			);
			name = JailFitness;
			packageProductDependencies = (
				4205B3F32A17D69D008A5C58 /* FirebaseAnalytics */,
				4205B3F52A17D69D008A5C58 /* FirebaseAnalyticsWithoutAdIdSupport */,
				4205B3F72A17D69D008A5C58 /* FirebaseAuth */,
				4205B3F92A17D69D008A5C58 /* FirebaseAuthCombine-Community */,
				4205B3FB2A17D69D008A5C58 /* FirebaseDatabase */,
				4205B3FD2A17D69D008A5C58 /* FirebaseDatabaseSwift */,
				4205B3FF2A17D69D008A5C58 /* FirebaseFirestore */,
				4205B4012A17D69D008A5C58 /* FirebaseFirestoreCombine-Community */,
				4205B4032A17D69D008A5C58 /* FirebaseFirestoreSwift */,
				4205B4052A17D69D008A5C58 /* FirebaseStorage */,
				4205B4072A17D69D008A5C58 /* FirebaseStorageCombine-Community */,
			);
			productName = JailFitness;
			productReference = 42940CCF29C8AB29006384E6 /* JailFitness.app */;
			productType = "com.apple.product-type.application";
		};
/* End PBXNativeTarget section */

/* Begin PBXProject section */
		42940CC729C8AB29006384E6 /* Project object */ = {
			isa = PBXProject;
			attributes = {
				BuildIndependentTargetsInParallel = 1;
				LastSwiftUpdateCheck = 1420;
				LastUpgradeCheck = 1420;
				TargetAttributes = {
					42940CCE29C8AB29006384E6 = {
						CreatedOnToolsVersion = 14.2;
					};
				};
			};
			buildConfigurationList = 42940CCA29C8AB29006384E6 /* Build configuration list for PBXProject "JailFitness" */;
			compatibilityVersion = "Xcode 14.0";
			developmentRegion = en;
			hasScannedForEncodings = 0;
			knownRegions = (
				en,
				Base,
			);
			mainGroup = 42940CC629C8AB29006384E6;
			packageReferences = (
				4205B3F22A17D69C008A5C58 /* XCRemoteSwiftPackageReference "firebase-ios-sdk" */,
			);
			productRefGroup = 42940CD029C8AB29006384E6 /* Products */;
			projectDirPath = "";
			projectRoot = "";
			targets = (
				42940CCE29C8AB29006384E6 /* JailFitness */,
			);
		};
/* End PBXProject section */

/* Begin PBXResourcesBuildPhase section */
		42940CCD29C8AB29006384E6 /* Resources */ = {
			isa = PBXResourcesBuildPhase;
			buildActionMask = 2147483647;
			files = (
				42940CDF29C8AB2A006384E6 /* LaunchScreen.storyboard in Resources */,
				42940CF829CF59F3006384E6 /* Poppins-Light.ttf in Resources */,
				424C8FA22A17D2FD00E7FF66 /* GoogleService-Info.plist in Resources */,
				42940CF429CF55B0006384E6 /* Poppins-SemiBold.ttf in Resources */,
				42940CDC29C8AB2A006384E6 /* Assets.xcassets in Resources */,
				42940CF629CF55C1006384E6 /* Poppins-Bold.ttf in Resources */,
				42940CDA29C8AB29006384E6 /* Main.storyboard in Resources */,
				42940CF229CF558F006384E6 /* Poppins-Regular.ttf in Resources */,
				42940CFC29D03B7B006384E6 /* Poppins-Medium.ttf in Resources */,
			);
			runOnlyForDeploymentPostprocessing = 0;
		};
/* End PBXResourcesBuildPhase section */

/* Begin PBXSourcesBuildPhase section */
		42940CCB29C8AB29006384E6 /* Sources */ = {
			isa = PBXSourcesBuildPhase;
			buildActionMask = 2147483647;
			files = (
				424C8F902A1498FE00E7FF66 /* WeightViewController.swift in Sources */,
				424C8F962A15F1EA00E7FF66 /* BMIViewController.swift in Sources */,
				424C8F942A14D28F00E7FF66 /* GoalViewController.swift in Sources */,
				424C8F872A13B94F00E7FF66 /* HomeTableViewCell.swift in Sources */,
				424C8F982A16764300E7FF66 /* SingleExerciseViewController.swift in Sources */,
				424C8FA02A17B4C600E7FF66 /* ChartView.swift in Sources */,
				4270805929E9A49D00EC9583 /* HomeViewController.swift in Sources */,
				42940CFA29D0348A006384E6 /* LoginViewController.swift in Sources */,
				4270805729E8926D00EC9583 /* ScheduleViewController.swift in Sources */,
				42A60C3B2A18CE1600FB18DB /* TabBarViewController.swift in Sources */,
				4270805B29E9A4C200EC9583 /* ProgressViewController.swift in Sources */,
				424C8F922A14D03000E7FF66 /* ExperienceViewController.swift in Sources */,
				424C8F8A2A13E76100E7FF66 /* GenderViewController.swift in Sources */,
				42A60C412A1928C400FB18DB /* DayScheduleViewController.swift in Sources */,
				424C8F8E2A1496C600E7FF66 /* HeightViewController.swift in Sources */,
				42940CE729CBF51C006384E6 /* SecondViewController.swift in Sources */,
				42940CEE29CF4DE0006384E6 /* RegisterViewController.swift in Sources */,
				4270805D29E9A4DD00EC9583 /* ProfileViewController.swift in Sources */,
				42940CD729C8AB29006384E6 /* ViewController.swift in Sources */,
				42A60C3F2A19224200FB18DB /* ScheduleTableViewCell.swift in Sources */,
				42940CD329C8AB29006384E6 /* AppDelegate.swift in Sources */,
				424C8F8C2A148AF300E7FF66 /* AgeViewController.swift in Sources */,
				42940CD529C8AB29006384E6 /* SceneDelegate.swift in Sources */,
				42A60C432A1A673700FB18DB /* EditProfileViewController.swift in Sources */,
			);
			runOnlyForDeploymentPostprocessing = 0;
		};
/* End PBXSourcesBuildPhase section */

/* Begin PBXVariantGroup section */
		42940CD829C8AB29006384E6 /* Main.storyboard */ = {
			isa = PBXVariantGroup;
			children = (
				42940CD929C8AB29006384E6 /* Base */,
			);
			name = Main.storyboard;
			sourceTree = "<group>";
		};
		42940CDD29C8AB2A006384E6 /* LaunchScreen.storyboard */ = {
			isa = PBXVariantGroup;
			children = (
				42940CDE29C8AB2A006384E6 /* Base */,
			);
			name = LaunchScreen.storyboard;
			sourceTree = "<group>";
		};
/* End PBXVariantGroup section */

/* Begin XCBuildConfiguration section */
		42940CE129C8AB2A006384E6 /* Debug */ = {
			isa = XCBuildConfiguration;
			buildSettings = {
				ALWAYS_SEARCH_USER_PATHS = NO;
				CLANG_ANALYZER_NONNULL = YES;
				CLANG_ANALYZER_NUMBER_OBJECT_CONVERSION = YES_AGGRESSIVE;
				CLANG_CXX_LANGUAGE_STANDARD = "gnu++20";
				CLANG_ENABLE_MODULES = YES;
				CLANG_ENABLE_OBJC_ARC = YES;
				CLANG_ENABLE_OBJC_WEAK = YES;
				CLANG_WARN_BLOCK_CAPTURE_AUTORELEASING = YES;
				CLANG_WARN_BOOL_CONVERSION = YES;
				CLANG_WARN_COMMA = YES;
				CLANG_WARN_CONSTANT_CONVERSION = YES;
				CLANG_WARN_DEPRECATED_OBJC_IMPLEMENTATIONS = YES;
				CLANG_WARN_DIRECT_OBJC_ISA_USAGE = YES_ERROR;
				CLANG_WARN_DOCUMENTATION_COMMENTS = YES;
				CLANG_WARN_EMPTY_BODY = YES;
				CLANG_WARN_ENUM_CONVERSION = YES;
				CLANG_WARN_INFINITE_RECURSION = YES;
				CLANG_WARN_INT_CONVERSION = YES;
				CLANG_WARN_NON_LITERAL_NULL_CONVERSION = YES;
				CLANG_WARN_OBJC_IMPLICIT_RETAIN_SELF = YES;
				CLANG_WARN_OBJC_LITERAL_CONVERSION = YES;
				CLANG_WARN_OBJC_ROOT_CLASS = YES_ERROR;
				CLANG_WARN_QUOTED_INCLUDE_IN_FRAMEWORK_HEADER = YES;
				CLANG_WARN_RANGE_LOOP_ANALYSIS = YES;
				CLANG_WARN_STRICT_PROTOTYPES = YES;
				CLANG_WARN_SUSPICIOUS_MOVE = YES;
				CLANG_WARN_UNGUARDED_AVAILABILITY = YES_AGGRESSIVE;
				CLANG_WARN_UNREACHABLE_CODE = YES;
				CLANG_WARN__DUPLICATE_METHOD_MATCH = YES;
				COPY_PHASE_STRIP = NO;
				DEBUG_INFORMATION_FORMAT = dwarf;
				ENABLE_STRICT_OBJC_MSGSEND = YES;
				ENABLE_TESTABILITY = YES;
				GCC_C_LANGUAGE_STANDARD = gnu11;
				GCC_DYNAMIC_NO_PIC = NO;
				GCC_NO_COMMON_BLOCKS = YES;
				GCC_OPTIMIZATION_LEVEL = 0;
				GCC_PREPROCESSOR_DEFINITIONS = (
					"DEBUG=1",
					"$(inherited)",
				);
				GCC_WARN_64_TO_32_BIT_CONVERSION = YES;
				GCC_WARN_ABOUT_RETURN_TYPE = YES_ERROR;
				GCC_WARN_UNDECLARED_SELECTOR = YES;
				GCC_WARN_UNINITIALIZED_AUTOS = YES_AGGRESSIVE;
				GCC_WARN_UNUSED_FUNCTION = YES;
				GCC_WARN_UNUSED_VARIABLE = YES;
				IPHONEOS_DEPLOYMENT_TARGET = 16.2;
				MTL_ENABLE_DEBUG_INFO = INCLUDE_SOURCE;
				MTL_FAST_MATH = YES;
				ONLY_ACTIVE_ARCH = YES;
				SDKROOT = iphoneos;
				SWIFT_ACTIVE_COMPILATION_CONDITIONS = DEBUG;
				SWIFT_OPTIMIZATION_LEVEL = "-Onone";
			};
			name = Debug;
		};
		42940CE229C8AB2A006384E6 /* Release */ = {
			isa = XCBuildConfiguration;
			buildSettings = {
				ALWAYS_SEARCH_USER_PATHS = NO;
				CLANG_ANALYZER_NONNULL = YES;
				CLANG_ANALYZER_NUMBER_OBJECT_CONVERSION = YES_AGGRESSIVE;
				CLANG_CXX_LANGUAGE_STANDARD = "gnu++20";
				CLANG_ENABLE_MODULES = YES;
				CLANG_ENABLE_OBJC_ARC = YES;
				CLANG_ENABLE_OBJC_WEAK = YES;
				CLANG_WARN_BLOCK_CAPTURE_AUTORELEASING = YES;
				CLANG_WARN_BOOL_CONVERSION = YES;
				CLANG_WARN_COMMA = YES;
				CLANG_WARN_CONSTANT_CONVERSION = YES;
				CLANG_WARN_DEPRECATED_OBJC_IMPLEMENTATIONS = YES;
				CLANG_WARN_DIRECT_OBJC_ISA_USAGE = YES_ERROR;
				CLANG_WARN_DOCUMENTATION_COMMENTS = YES;
				CLANG_WARN_EMPTY_BODY = YES;
				CLANG_WARN_ENUM_CONVERSION = YES;
				CLANG_WARN_INFINITE_RECURSION = YES;
				CLANG_WARN_INT_CONVERSION = YES;
				CLANG_WARN_NON_LITERAL_NULL_CONVERSION = YES;
				CLANG_WARN_OBJC_IMPLICIT_RETAIN_SELF = YES;
				CLANG_WARN_OBJC_LITERAL_CONVERSION = YES;
				CLANG_WARN_OBJC_ROOT_CLASS = YES_ERROR;
				CLANG_WARN_QUOTED_INCLUDE_IN_FRAMEWORK_HEADER = YES;
				CLANG_WARN_RANGE_LOOP_ANALYSIS = YES;
				CLANG_WARN_STRICT_PROTOTYPES = YES;
				CLANG_WARN_SUSPICIOUS_MOVE = YES;
				CLANG_WARN_UNGUARDED_AVAILABILITY = YES_AGGRESSIVE;
				CLANG_WARN_UNREACHABLE_CODE = YES;
				CLANG_WARN__DUPLICATE_METHOD_MATCH = YES;
				COPY_PHASE_STRIP = NO;
				DEBUG_INFORMATION_FORMAT = "dwarf-with-dsym";
				ENABLE_NS_ASSERTIONS = NO;
				ENABLE_STRICT_OBJC_MSGSEND = YES;
				GCC_C_LANGUAGE_STANDARD = gnu11;
				GCC_NO_COMMON_BLOCKS = YES;
				GCC_WARN_64_TO_32_BIT_CONVERSION = YES;
				GCC_WARN_ABOUT_RETURN_TYPE = YES_ERROR;
				GCC_WARN_UNDECLARED_SELECTOR = YES;
				GCC_WARN_UNINITIALIZED_AUTOS = YES_AGGRESSIVE;
				GCC_WARN_UNUSED_FUNCTION = YES;
				GCC_WARN_UNUSED_VARIABLE = YES;
				IPHONEOS_DEPLOYMENT_TARGET = 16.2;
				MTL_ENABLE_DEBUG_INFO = NO;
				MTL_FAST_MATH = YES;
				SDKROOT = iphoneos;
				SWIFT_COMPILATION_MODE = wholemodule;
				SWIFT_OPTIMIZATION_LEVEL = "-O";
				VALIDATE_PRODUCT = YES;
			};
			name = Release;
		};
		42940CE429C8AB2A006384E6 /* Debug */ = {
			isa = XCBuildConfiguration;
			buildSettings = {
				ASSETCATALOG_COMPILER_APPICON_NAME = AppIcon;
				ASSETCATALOG_COMPILER_GLOBAL_ACCENT_COLOR_NAME = AccentColor;
				CODE_SIGN_STYLE = Automatic;
				CURRENT_PROJECT_VERSION = 1;
				DEVELOPMENT_TEAM = 5582WA42TY;
				GENERATE_INFOPLIST_FILE = YES;
				INFOPLIST_FILE = JailFitness/Info.plist;
				INFOPLIST_KEY_UIApplicationSupportsIndirectInputEvents = YES;
				INFOPLIST_KEY_UILaunchStoryboardName = LaunchScreen;
				INFOPLIST_KEY_UISupportedInterfaceOrientations_iPad = "UIInterfaceOrientationPortrait UIInterfaceOrientationPortraitUpsideDown UIInterfaceOrientationLandscapeLeft UIInterfaceOrientationLandscapeRight";
				INFOPLIST_KEY_UISupportedInterfaceOrientations_iPhone = "UIInterfaceOrientationPortrait UIInterfaceOrientationLandscapeLeft UIInterfaceOrientationLandscapeRight";
				LD_RUNPATH_SEARCH_PATHS = (
					"$(inherited)",
					"@executable_path/Frameworks",
				);
				MARKETING_VERSION = 1.0;
				PRODUCT_BUNDLE_IDENTIFIER = com.sadeepa.JailFitness;
				PRODUCT_NAME = "$(TARGET_NAME)";
				SWIFT_EMIT_LOC_STRINGS = YES;
				SWIFT_VERSION = 5.0;
				TARGETED_DEVICE_FAMILY = "1,2";
			};
			name = Debug;
		};
		42940CE529C8AB2A006384E6 /* Release */ = {
			isa = XCBuildConfiguration;
			buildSettings = {
				ASSETCATALOG_COMPILER_APPICON_NAME = AppIcon;
				ASSETCATALOG_COMPILER_GLOBAL_ACCENT_COLOR_NAME = AccentColor;
				CODE_SIGN_STYLE = Automatic;
				CURRENT_PROJECT_VERSION = 1;
				DEVELOPMENT_TEAM = 5582WA42TY;
				GENERATE_INFOPLIST_FILE = YES;
				INFOPLIST_FILE = JailFitness/Info.plist;
				INFOPLIST_KEY_UIApplicationSupportsIndirectInputEvents = YES;
				INFOPLIST_KEY_UILaunchStoryboardName = LaunchScreen;
				INFOPLIST_KEY_UISupportedInterfaceOrientations_iPad = "UIInterfaceOrientationPortrait UIInterfaceOrientationPortraitUpsideDown UIInterfaceOrientationLandscapeLeft UIInterfaceOrientationLandscapeRight";
				INFOPLIST_KEY_UISupportedInterfaceOrientations_iPhone = "UIInterfaceOrientationPortrait UIInterfaceOrientationLandscapeLeft UIInterfaceOrientationLandscapeRight";
				LD_RUNPATH_SEARCH_PATHS = (
					"$(inherited)",
					"@executable_path/Frameworks",
				);
				MARKETING_VERSION = 1.0;
				PRODUCT_BUNDLE_IDENTIFIER = com.sadeepa.JailFitness;
				PRODUCT_NAME = "$(TARGET_NAME)";
				SWIFT_EMIT_LOC_STRINGS = YES;
				SWIFT_VERSION = 5.0;
				TARGETED_DEVICE_FAMILY = "1,2";
			};
			name = Release;
		};
/* End XCBuildConfiguration section */

/* Begin XCConfigurationList section */
		42940CCA29C8AB29006384E6 /* Build configuration list for PBXProject "JailFitness" */ = {
			isa = XCConfigurationList;
			buildConfigurations = (
				42940CE129C8AB2A006384E6 /* Debug */,
				42940CE229C8AB2A006384E6 /* Release */,
			);
			defaultConfigurationIsVisible = 0;
			defaultConfigurationName = Release;
		};
		42940CE329C8AB2A006384E6 /* Build configuration list for PBXNativeTarget "JailFitness" */ = {
			isa = XCConfigurationList;
			buildConfigurations = (
				42940CE429C8AB2A006384E6 /* Debug */,
				42940CE529C8AB2A006384E6 /* Release */,
			);
			defaultConfigurationIsVisible = 0;
			defaultConfigurationName = Release;
		};
/* End XCConfigurationList section */

/* Begin XCRemoteSwiftPackageReference section */
		4205B3F22A17D69C008A5C58 /* XCRemoteSwiftPackageReference "firebase-ios-sdk" */ = {
			isa = XCRemoteSwiftPackageReference;
			repositoryURL = "https://github.com/firebase/firebase-ios-sdk";
			requirement = {
				kind = upToNextMajorVersion;
				minimumVersion = 9.0.0;
			};
		};
/* End XCRemoteSwiftPackageReference section */

/* Begin XCSwiftPackageProductDependency section */
		4205B3F32A17D69D008A5C58 /* FirebaseAnalytics */ = {
			isa = XCSwiftPackageProductDependency;
			package = 4205B3F22A17D69C008A5C58 /* XCRemoteSwiftPackageReference "firebase-ios-sdk" */;
			productName = FirebaseAnalytics;
		};
		4205B3F52A17D69D008A5C58 /* FirebaseAnalyticsWithoutAdIdSupport */ = {
			isa = XCSwiftPackageProductDependency;
			package = 4205B3F22A17D69C008A5C58 /* XCRemoteSwiftPackageReference "firebase-ios-sdk" */;
			productName = FirebaseAnalyticsWithoutAdIdSupport;
		};
		4205B3F72A17D69D008A5C58 /* FirebaseAuth */ = {
			isa = XCSwiftPackageProductDependency;
			package = 4205B3F22A17D69C008A5C58 /* XCRemoteSwiftPackageReference "firebase-ios-sdk" */;
			productName = FirebaseAuth;
		};
		4205B3F92A17D69D008A5C58 /* FirebaseAuthCombine-Community */ = {
			isa = XCSwiftPackageProductDependency;
			package = 4205B3F22A17D69C008A5C58 /* XCRemoteSwiftPackageReference "firebase-ios-sdk" */;
			productName = "FirebaseAuthCombine-Community";
		};
		4205B3FB2A17D69D008A5C58 /* FirebaseDatabase */ = {
			isa = XCSwiftPackageProductDependency;
			package = 4205B3F22A17D69C008A5C58 /* XCRemoteSwiftPackageReference "firebase-ios-sdk" */;
			productName = FirebaseDatabase;
		};
		4205B3FD2A17D69D008A5C58 /* FirebaseDatabaseSwift */ = {
			isa = XCSwiftPackageProductDependency;
			package = 4205B3F22A17D69C008A5C58 /* XCRemoteSwiftPackageReference "firebase-ios-sdk" */;
			productName = FirebaseDatabaseSwift;
		};
		4205B3FF2A17D69D008A5C58 /* FirebaseFirestore */ = {
			isa = XCSwiftPackageProductDependency;
			package = 4205B3F22A17D69C008A5C58 /* XCRemoteSwiftPackageReference "firebase-ios-sdk" */;
			productName = FirebaseFirestore;
		};
		4205B4012A17D69D008A5C58 /* FirebaseFirestoreCombine-Community */ = {
			isa = XCSwiftPackageProductDependency;
			package = 4205B3F22A17D69C008A5C58 /* XCRemoteSwiftPackageReference "firebase-ios-sdk" */;
			productName = "FirebaseFirestoreCombine-Community";
		};
		4205B4032A17D69D008A5C58 /* FirebaseFirestoreSwift */ = {
			isa = XCSwiftPackageProductDependency;
			package = 4205B3F22A17D69C008A5C58 /* XCRemoteSwiftPackageReference "firebase-ios-sdk" */;
			productName = FirebaseFirestoreSwift;
		};
		4205B4052A17D69D008A5C58 /* FirebaseStorage */ = {
			isa = XCSwiftPackageProductDependency;
			package = 4205B3F22A17D69C008A5C58 /* XCRemoteSwiftPackageReference "firebase-ios-sdk" */;
			productName = FirebaseStorage;
		};
		4205B4072A17D69D008A5C58 /* FirebaseStorageCombine-Community */ = {
			isa = XCSwiftPackageProductDependency;
			package = 4205B3F22A17D69C008A5C58 /* XCRemoteSwiftPackageReference "firebase-ios-sdk" */;
			productName = "FirebaseStorageCombine-Community";
		};
/* End XCSwiftPackageProductDependency section */
	};
	rootObject = 42940CC729C8AB29006384E6 /* Project object */;
}
